{
  "version": 4,
  "terraform_version": "1.11.3",
  "serial": 16,
  "lineage": "e9714bd1-d6fd-10c6-0058-76a24e5a8f6a",
  "outputs": {
    "linux_vm_public_name": {
      "value": [
        "linsimplevmips-unique-name-10101.eastus.cloudapp.azure.com"
      ],
      "type": [
        "tuple",
        [
          "string"
        ]
      ]
    }
  },
  "resources": [
    {
      "mode": "managed",
      "type": "azurerm_resource_group",
      "name": "terraform_azure_provider",
      "provider": "provider[\"registry.terraform.io/hashicorp/azurerm\"]",
      "instances": [
        {
          "schema_version": 0,
          "attributes": {
            "id": "/subscriptions/c16cc0be-b779-4974-b58d-004a99c4f80c/resourceGroups/terraform_azure_provider",
            "location": "eastus",
            "managed_by": "",
            "name": "terraform_azure_provider",
            "tags": {},
            "timeouts": null
          },
          "sensitive_attributes": [],
          "private": "eyJlMmJmYjczMC1lY2FhLTExZTYtOGY4OC0zNDM2M2JjN2M0YzAiOnsiY3JlYXRlIjo1NDAwMDAwMDAwMDAwLCJkZWxldGUiOjU0MDAwMDAwMDAwMDAsInJlYWQiOjMwMDAwMDAwMDAwMCwidXBkYXRlIjo1NDAwMDAwMDAwMDAwfX0=",
          "create_before_destroy": true
        }
      ]
    },
    {
      "module": "module.linuxservers",
      "mode": "data",
      "type": "azurerm_public_ip",
      "name": "vm",
      "provider": "provider[\"registry.terraform.io/hashicorp/azurerm\"]",
      "instances": [
        {
          "index_key": 0,
          "schema_version": 0,
          "attributes": {
            "allocation_method": "Dynamic",
            "ddos_protection_mode": "VirtualNetworkInherited",
            "ddos_protection_plan_id": null,
            "domain_name_label": "linsimplevmips-unique-name-10101",
            "fqdn": "linsimplevmips-unique-name-10101.eastus.cloudapp.azure.com",
            "id": "/subscriptions/c16cc0be-b779-4974-b58d-004a99c4f80c/resourceGroups/terraform_azure_provider/providers/Microsoft.Network/publicIPAddresses/myvm-pip-0",
            "idle_timeout_in_minutes": 4,
            "ip_address": "52.191.50.79",
            "ip_tags": {},
            "ip_version": "IPv4",
            "location": "eastus",
            "name": "myvm-pip-0",
            "resource_group_name": "terraform_azure_provider",
            "reverse_fqdn": "",
            "sku": "Basic",
            "tags": {
              "source": "terraform"
            },
            "timeouts": null,
            "zones": []
          },
          "sensitive_attributes": []
        }
      ]
    },
    {
      "module": "module.linuxservers",
      "mode": "data",
      "type": "azurerm_resource_group",
      "name": "vm",
      "provider": "provider[\"registry.terraform.io/hashicorp/azurerm\"]",
      "instances": [
        {
          "index_key": 0,
          "schema_version": 0,
          "attributes": {
            "id": "/subscriptions/c16cc0be-b779-4974-b58d-004a99c4f80c/resourceGroups/terraform_azure_provider",
            "location": "eastus",
            "managed_by": "",
            "name": "terraform_azure_provider",
            "tags": {},
            "timeouts": null
          },
          "sensitive_attributes": []
        }
      ]
    },
    {
      "module": "module.linuxservers",
      "mode": "managed",
      "type": "azurerm_availability_set",
      "name": "vm",
      "provider": "provider[\"registry.terraform.io/hashicorp/azurerm\"]",
      "instances": [
        {
          "index_key": 0,
          "schema_version": 0,
          "attributes": {
            "id": "/subscriptions/c16cc0be-b779-4974-b58d-004a99c4f80c/resourceGroups/terraform_azure_provider/providers/Microsoft.Compute/availabilitySets/myvm-avset",
            "location": "eastus",
            "managed": true,
            "name": "myvm-avset",
            "platform_fault_domain_count": 2,
            "platform_update_domain_count": 2,
            "proximity_placement_group_id": null,
            "resource_group_name": "terraform_azure_provider",
            "tags": {
              "source": "terraform"
            },
            "timeouts": null
          },
          "sensitive_attributes": [],
          "private": "eyJlMmJmYjczMC1lY2FhLTExZTYtOGY4OC0zNDM2M2JjN2M0YzAiOnsiY3JlYXRlIjoxODAwMDAwMDAwMDAwLCJkZWxldGUiOjE4MDAwMDAwMDAwMDAsInJlYWQiOjMwMDAwMDAwMDAwMCwidXBkYXRlIjoxODAwMDAwMDAwMDAwfX0=",
          "dependencies": [
            "azurerm_resource_group.terraform_azure_provider",
            "module.linuxservers.data.azurerm_resource_group.vm"
          ]
        }
      ]
    },
    {
      "module": "module.linuxservers",
      "mode": "managed",
      "type": "azurerm_network_interface",
      "name": "vm",
      "provider": "provider[\"registry.terraform.io/hashicorp/azurerm\"]",
      "instances": [
        {
          "index_key": 0,
          "schema_version": 0,
          "attributes": {
            "accelerated_networking_enabled": false,
            "applied_dns_servers": [],
            "auxiliary_mode": "",
            "auxiliary_sku": "",
            "dns_servers": [],
            "edge_zone": "",
            "enable_accelerated_networking": false,
            "enable_ip_forwarding": false,
            "id": "/subscriptions/c16cc0be-b779-4974-b58d-004a99c4f80c/resourceGroups/terraform_azure_provider/providers/Microsoft.Network/networkInterfaces/myvm-nic-0",
            "internal_dns_name_label": "",
            "internal_domain_name_suffix": "srg0wfip2g2erfz4unmdvsrowe.bx.internal.cloudapp.net",
            "ip_configuration": [
              {
                "gateway_load_balancer_frontend_ip_configuration_id": "",
                "name": "myvm-ip-0",
                "primary": true,
                "private_ip_address": "10.0.1.4",
                "private_ip_address_allocation": "Dynamic",
                "private_ip_address_version": "IPv4",
                "public_ip_address_id": "/subscriptions/c16cc0be-b779-4974-b58d-004a99c4f80c/resourceGroups/terraform_azure_provider/providers/Microsoft.Network/publicIPAddresses/myvm-pip-0",
                "subnet_id": "/subscriptions/c16cc0be-b779-4974-b58d-004a99c4f80c/resourceGroups/terraform_azure_provider/providers/Microsoft.Network/virtualNetworks/acctvnet/subnets/subnet1"
              }
            ],
            "ip_forwarding_enabled": false,
            "location": "eastus",
            "mac_address": "",
            "name": "myvm-nic-0",
            "private_ip_address": "10.0.1.4",
            "private_ip_addresses": [
              "10.0.1.4"
            ],
            "resource_group_name": "terraform_azure_provider",
            "tags": {
              "source": "terraform"
            },
            "timeouts": null,
            "virtual_machine_id": ""
          },
          "sensitive_attributes": [],
          "private": "eyJlMmJmYjczMC1lY2FhLTExZTYtOGY4OC0zNDM2M2JjN2M0YzAiOnsiY3JlYXRlIjoxODAwMDAwMDAwMDAwLCJkZWxldGUiOjE4MDAwMDAwMDAwMDAsInJlYWQiOjMwMDAwMDAwMDAwMCwidXBkYXRlIjoxODAwMDAwMDAwMDAwfX0=",
          "dependencies": [
            "azurerm_resource_group.terraform_azure_provider",
            "module.linuxservers.azurerm_public_ip.vm",
            "module.linuxservers.data.azurerm_resource_group.vm",
            "module.network.azurerm_subnet.subnet_count",
            "module.network.azurerm_subnet.subnet_for_each",
            "module.network.azurerm_virtual_network.vnet",
            "module.network.data.azurerm_resource_group.network"
          ]
        }
      ]
    },
    {
      "module": "module.linuxservers",
      "mode": "managed",
      "type": "azurerm_network_interface_security_group_association",
      "name": "test",
      "provider": "provider[\"registry.terraform.io/hashicorp/azurerm\"]",
      "instances": [
        {
          "index_key": 0,
          "schema_version": 0,
          "attributes": {
            "id": "/subscriptions/c16cc0be-b779-4974-b58d-004a99c4f80c/resourceGroups/terraform_azure_provider/providers/Microsoft.Network/networkInterfaces/myvm-nic-0|/subscriptions/c16cc0be-b779-4974-b58d-004a99c4f80c/resourceGroups/terraform_azure_provider/providers/Microsoft.Network/networkSecurityGroups/myvm-nsg",
            "network_interface_id": "/subscriptions/c16cc0be-b779-4974-b58d-004a99c4f80c/resourceGroups/terraform_azure_provider/providers/Microsoft.Network/networkInterfaces/myvm-nic-0",
            "network_security_group_id": "/subscriptions/c16cc0be-b779-4974-b58d-004a99c4f80c/resourceGroups/terraform_azure_provider/providers/Microsoft.Network/networkSecurityGroups/myvm-nsg",
            "timeouts": null
          },
          "sensitive_attributes": [],
          "private": "eyJlMmJmYjczMC1lY2FhLTExZTYtOGY4OC0zNDM2M2JjN2M0YzAiOnsiY3JlYXRlIjoxODAwMDAwMDAwMDAwLCJkZWxldGUiOjE4MDAwMDAwMDAwMDAsInJlYWQiOjMwMDAwMDAwMDAwMH19",
          "dependencies": [
            "azurerm_resource_group.terraform_azure_provider",
            "module.linuxservers.azurerm_network_interface.vm",
            "module.linuxservers.azurerm_network_security_group.vm",
            "module.linuxservers.azurerm_public_ip.vm",
            "module.linuxservers.data.azurerm_resource_group.vm",
            "module.network.azurerm_subnet.subnet_count",
            "module.network.azurerm_subnet.subnet_for_each",
            "module.network.azurerm_virtual_network.vnet",
            "module.network.data.azurerm_resource_group.network"
          ]
        }
      ]
    },
    {
      "module": "module.linuxservers",
      "mode": "managed",
      "type": "azurerm_network_security_group",
      "name": "vm",
      "provider": "provider[\"registry.terraform.io/hashicorp/azurerm\"]",
      "instances": [
        {
          "index_key": 0,
          "schema_version": 0,
          "attributes": {
            "id": "/subscriptions/c16cc0be-b779-4974-b58d-004a99c4f80c/resourceGroups/terraform_azure_provider/providers/Microsoft.Network/networkSecurityGroups/myvm-nsg",
            "location": "eastus",
            "name": "myvm-nsg",
            "resource_group_name": "terraform_azure_provider",
            "security_rule": [],
            "tags": {
              "source": "terraform"
            },
            "timeouts": null
          },
          "sensitive_attributes": [],
          "private": "eyJlMmJmYjczMC1lY2FhLTExZTYtOGY4OC0zNDM2M2JjN2M0YzAiOnsiY3JlYXRlIjoxODAwMDAwMDAwMDAwLCJkZWxldGUiOjE4MDAwMDAwMDAwMDAsInJlYWQiOjMwMDAwMDAwMDAwMCwidXBkYXRlIjoxODAwMDAwMDAwMDAwfX0=",
          "dependencies": [
            "azurerm_resource_group.terraform_azure_provider",
            "module.linuxservers.data.azurerm_resource_group.vm"
          ]
        }
      ]
    },
    {
      "module": "module.linuxservers",
      "mode": "managed",
      "type": "azurerm_public_ip",
      "name": "vm",
      "provider": "provider[\"registry.terraform.io/hashicorp/azurerm\"]",
      "instances": [
        {
          "index_key": 0,
          "schema_version": 0,
          "attributes": {
            "allocation_method": "Dynamic",
            "ddos_protection_mode": "VirtualNetworkInherited",
            "ddos_protection_plan_id": null,
            "domain_name_label": "linsimplevmips-unique-name-10101",
            "edge_zone": "",
            "fqdn": "linsimplevmips-unique-name-10101.eastus.cloudapp.azure.com",
            "id": "/subscriptions/c16cc0be-b779-4974-b58d-004a99c4f80c/resourceGroups/terraform_azure_provider/providers/Microsoft.Network/publicIPAddresses/myvm-pip-0",
            "idle_timeout_in_minutes": 4,
            "ip_address": "",
            "ip_tags": null,
            "ip_version": "IPv4",
            "location": "eastus",
            "name": "myvm-pip-0",
            "public_ip_prefix_id": null,
            "resource_group_name": "terraform_azure_provider",
            "reverse_fqdn": "",
            "sku": "Basic",
            "sku_tier": "Regional",
            "tags": {
              "source": "terraform"
            },
            "timeouts": null,
            "zones": null
          },
          "sensitive_attributes": [],
          "private": "eyJlMmJmYjczMC1lY2FhLTExZTYtOGY4OC0zNDM2M2JjN2M0YzAiOnsiY3JlYXRlIjoxODAwMDAwMDAwMDAwLCJkZWxldGUiOjE4MDAwMDAwMDAwMDAsInJlYWQiOjMwMDAwMDAwMDAwMCwidXBkYXRlIjoxODAwMDAwMDAwMDAwfX0=",
          "dependencies": [
            "azurerm_resource_group.terraform_azure_provider",
            "module.linuxservers.data.azurerm_resource_group.vm"
          ],
          "create_before_destroy": true
        }
      ]
    },
    {
      "module": "module.linuxservers",
      "mode": "managed",
      "type": "azurerm_virtual_machine",
      "name": "vm_linux",
      "provider": "provider[\"registry.terraform.io/hashicorp/azurerm\"]",
      "instances": [
        {
          "index_key": 0,
          "schema_version": 0,
          "attributes": {
            "additional_capabilities": [],
            "availability_set_id": "/subscriptions/c16cc0be-b779-4974-b58d-004a99c4f80c/resourcegroups/terraform_azure_provider/providers/microsoft.compute/availabilitysets/myvm-avset",
            "boot_diagnostics": [
              {
                "enabled": false,
                "storage_uri": ""
              }
            ],
            "delete_data_disks_on_termination": false,
            "delete_os_disk_on_termination": false,
            "id": "/subscriptions/c16cc0be-b779-4974-b58d-004a99c4f80c/resourceGroups/terraform_azure_provider/providers/Microsoft.Compute/virtualMachines/myvm-vmLinux-0",
            "identity": [],
            "license_type": null,
            "location": "eastus",
            "name": "myvm-vmLinux-0",
            "network_interface_ids": [
              "/subscriptions/c16cc0be-b779-4974-b58d-004a99c4f80c/resourceGroups/terraform_azure_provider/providers/Microsoft.Network/networkInterfaces/myvm-nic-0"
            ],
            "os_profile": [
              {
                "admin_password": "",
                "admin_username": "azureuser",
                "computer_name": "myvm-0",
                "custom_data": "da39a3ee5e6b4b0d3255bfef95601890afd80709"
              }
            ],
            "os_profile_linux_config": [
              {
                "disable_password_authentication": true,
                "ssh_keys": [
                  {
                    "key_data": "ssh-rsa AAAAB3NzaC1yc2EAAAADAQABAAABgQDTOXyDfHtytJvJmKjyQwMOC7wI6enLrGIXawblox4SLZ/dHUisWB/Iox/g6SqsMMIqBO7+6PQxBahd2X1UHt2vjHnhWhOs4ytHXSIOocGxaku/FChl0sGFpnua1TH4VqOe0REb2MKTQDAuSSx5QNH4o+UKpi693XXPG09Fx1kwlg3BKborrK/G4mh5SHVP3OyDjYVJdGLb9i2VzEcech+VZm6vI+BB6xYDvrixoArFRGcnwVPr105X94WBOGD8ZZa7Lcb976sg+YV7F2Radk7cZ5wEw/00DfqyiZvue0LZxD6PYIK7yx9sJKJqHI7ak6u3PY7gYR4DJyDZ9Kwql6dq0Bgq6BFFxH3xx/PSYnvGjjgHoHri9cy7K9thjLajB73LDK4ooqn9mi5MDHu/P6whh4VQH373AWkyFxX5N2+4W27yMAR6MAAy/eATL0Fcz+gEpqk100TjCiaV76VFXAcC/bzuqo1ZoTgWFpDg4ufQNXTnAYRCVdlUpMec1jkFfw8= anjot@Harjot\n",
                    "path": "/home/azureuser/.ssh/authorized_keys"
                  }
                ]
              }
            ],
            "os_profile_secrets": [],
            "os_profile_windows_config": [],
            "plan": [],
            "primary_network_interface_id": null,
            "proximity_placement_group_id": null,
            "resource_group_name": "terraform_azure_provider",
            "storage_data_disk": [],
            "storage_image_reference": [
              {
                "id": "",
                "offer": "UbuntuServer",
                "publisher": "Canonical",
                "sku": "18.04-LTS",
                "version": "latest"
              }
            ],
            "storage_os_disk": [
              {
                "caching": "ReadWrite",
                "create_option": "FromImage",
                "disk_size_gb": 30,
                "image_uri": "",
                "managed_disk_id": "/subscriptions/c16cc0be-b779-4974-b58d-004a99c4f80c/resourceGroups/terraform_azure_provider/providers/Microsoft.Compute/disks/osdisk-myvm-0",
                "managed_disk_type": "Premium_LRS",
                "name": "osdisk-myvm-0",
                "os_type": "Linux",
                "vhd_uri": "",
                "write_accelerator_enabled": false
              }
            ],
            "tags": {
              "source": "terraform"
            },
            "timeouts": null,
            "vm_size": "Standard_B1ls",
            "zones": null
          },
          "sensitive_attributes": [
            [
              {
                "type": "get_attr",
                "value": "os_profile"
              }
            ]
          ],
          "private": "eyJlMmJmYjczMC1lY2FhLTExZTYtOGY4OC0zNDM2M2JjN2M0YzAiOnsiY3JlYXRlIjozNjAwMDAwMDAwMDAwLCJkZWxldGUiOjM2MDAwMDAwMDAwMDAsInJlYWQiOjMwMDAwMDAwMDAwMCwidXBkYXRlIjozNjAwMDAwMDAwMDAwfX0=",
          "dependencies": [
            "azurerm_resource_group.terraform_azure_provider",
            "module.linuxservers.azurerm_availability_set.vm",
            "module.linuxservers.azurerm_network_interface.vm",
            "module.linuxservers.azurerm_public_ip.vm",
            "module.linuxservers.azurerm_storage_account.vm_sa",
            "module.linuxservers.data.azurerm_resource_group.vm",
            "module.linuxservers.random_id.vm_sa",
            "module.network.azurerm_subnet.subnet_count",
            "module.network.azurerm_subnet.subnet_for_each",
            "module.network.azurerm_virtual_network.vnet",
            "module.network.data.azurerm_resource_group.network"
          ]
        }
      ]
    },
    {
      "module": "module.linuxservers",
      "mode": "managed",
      "type": "random_id",
      "name": "vm_sa",
      "provider": "provider[\"registry.terraform.io/hashicorp/random\"]",
      "instances": [
        {
          "schema_version": 0,
          "attributes": {
            "b64_std": "/T71GXTP",
            "b64_url": "_T71GXTP",
            "byte_length": 6,
            "dec": "278446841885903",
            "hex": "fd3ef51974cf",
            "id": "_T71GXTP",
            "keepers": {
              "vm_hostname": "myvm"
            },
            "prefix": null
          },
          "sensitive_attributes": [],
          "dependencies": [
            "azurerm_resource_group.terraform_azure_provider"
          ]
        }
      ]
    },
    {
      "module": "module.network",
      "mode": "data",
      "type": "azurerm_resource_group",
      "name": "network",
      "provider": "provider[\"registry.terraform.io/hashicorp/azurerm\"]",
      "instances": [
        {
          "index_key": 0,
          "schema_version": 0,
          "attributes": {
            "id": "/subscriptions/c16cc0be-b779-4974-b58d-004a99c4f80c/resourceGroups/terraform_azure_provider",
            "location": "eastus",
            "managed_by": "",
            "name": "terraform_azure_provider",
            "tags": {},
            "timeouts": null
          },
          "sensitive_attributes": []
        }
      ]
    },
    {
      "module": "module.network",
      "mode": "managed",
      "type": "azurerm_subnet",
      "name": "subnet_for_each",
      "provider": "provider[\"registry.terraform.io/hashicorp/azurerm\"]",
      "instances": [
        {
          "index_key": "subnet1",
          "schema_version": 0,
          "attributes": {
            "address_prefixes": [
              "10.0.1.0/24"
            ],
            "default_outbound_access_enabled": true,
            "delegation": [],
            "enforce_private_link_endpoint_network_policies": false,
            "enforce_private_link_service_network_policies": false,
            "id": "/subscriptions/c16cc0be-b779-4974-b58d-004a99c4f80c/resourceGroups/terraform_azure_provider/providers/Microsoft.Network/virtualNetworks/acctvnet/subnets/subnet1",
            "name": "subnet1",
            "private_endpoint_network_policies": "Enabled",
            "private_endpoint_network_policies_enabled": true,
            "private_link_service_network_policies_enabled": true,
            "resource_group_name": "terraform_azure_provider",
            "service_endpoint_policy_ids": [],
            "service_endpoints": [],
            "timeouts": null,
            "virtual_network_name": "acctvnet"
          },
          "sensitive_attributes": [],
          "private": "eyJlMmJmYjczMC1lY2FhLTExZTYtOGY4OC0zNDM2M2JjN2M0YzAiOnsiY3JlYXRlIjoxODAwMDAwMDAwMDAwLCJkZWxldGUiOjE4MDAwMDAwMDAwMDAsInJlYWQiOjMwMDAwMDAwMDAwMCwidXBkYXRlIjoxODAwMDAwMDAwMDAwfX0=",
          "dependencies": [
            "azurerm_resource_group.terraform_azure_provider",
            "module.network.azurerm_virtual_network.vnet",
            "module.network.data.azurerm_resource_group.network"
          ]
        }
      ]
    },
    {
      "module": "module.network",
      "mode": "managed",
      "type": "azurerm_virtual_network",
      "name": "vnet",
      "provider": "provider[\"registry.terraform.io/hashicorp/azurerm\"]",
      "instances": [
        {
          "schema_version": 0,
          "attributes": {
            "address_space": [
              "10.0.0.0/16"
            ],
            "bgp_community": "",
            "ddos_protection_plan": [],
            "dns_servers": [],
            "edge_zone": "",
            "encryption": [],
            "flow_timeout_in_minutes": 0,
            "guid": "15ab4d94-e10f-48b8-973e-a3583aca2eb4",
            "id": "/subscriptions/c16cc0be-b779-4974-b58d-004a99c4f80c/resourceGroups/terraform_azure_provider/providers/Microsoft.Network/virtualNetworks/acctvnet",
            "location": "eastus",
            "name": "acctvnet",
            "resource_group_name": "terraform_azure_provider",
            "subnet": [
              {
                "address_prefix": "10.0.1.0/24",
                "id": "/subscriptions/c16cc0be-b779-4974-b58d-004a99c4f80c/resourceGroups/terraform_azure_provider/providers/Microsoft.Network/virtualNetworks/acctvnet/subnets/subnet1",
                "name": "subnet1",
                "security_group": ""
              }
            ],
            "tags": {
              "environment": "dev"
            },
            "timeouts": null
          },
          "sensitive_attributes": [],
          "private": "eyJlMmJmYjczMC1lY2FhLTExZTYtOGY4OC0zNDM2M2JjN2M0YzAiOnsiY3JlYXRlIjoxODAwMDAwMDAwMDAwLCJkZWxldGUiOjE4MDAwMDAwMDAwMDAsInJlYWQiOjMwMDAwMDAwMDAwMCwidXBkYXRlIjoxODAwMDAwMDAwMDAwfX0=",
          "dependencies": [
            "azurerm_resource_group.terraform_azure_provider",
            "module.network.data.azurerm_resource_group.network"
          ]
        }
      ]
    }
  ],
  "check_results": [
    {
      "object_kind": "resource",
      "config_addr": "module.linuxservers.azurerm_virtual_machine.vm_windows",
      "status": "pass",
      "objects": null
    },
    {
      "object_kind": "resource",
      "config_addr": "module.linuxservers.azurerm_virtual_machine_extension.extensions",
      "status": "pass",
      "objects": null
    },
    {
      "object_kind": "var",
      "config_addr": "module.linuxservers.var.vm_extensions",
      "status": "pass",
      "objects": [
        {
          "object_addr": "module.linuxservers.var.vm_extensions",
          "status": "pass"
        }
      ]
    },
    {
      "object_kind": "var",
      "config_addr": "module.linuxservers.var.external_boot_diagnostics_storage",
      "status": "pass",
      "objects": [
        {
          "object_addr": "module.linuxservers.var.external_boot_diagnostics_storage",
          "status": "pass"
        }
      ]
    },
    {
      "object_kind": "var",
      "config_addr": "module.linuxservers.var.network_security_group",
      "status": "pass",
      "objects": [
        {
          "object_addr": "module.linuxservers.var.network_security_group",
          "status": "pass"
        }
      ]
    },
    {
      "object_kind": "resource",
      "config_addr": "module.linuxservers.azurerm_virtual_machine_extension.extension",
      "status": "pass",
      "objects": null
    },
    {
      "object_kind": "resource",
      "config_addr": "module.linuxservers.azurerm_virtual_machine.vm_linux",
      "status": "pass",
      "objects": [
        {
          "object_addr": "module.linuxservers.azurerm_virtual_machine.vm_linux[0]",
          "status": "pass"
        }
      ]
    }
  ]
}
